
Microsoft Visual Studio Solution File, Format Version 12.00
# Visual Studio Version 17
VisualStudioVersion = 17.13.35806.99
MinimumVisualStudioVersion = 10.0.40219.1
Project("{FAE04EC0-301F-11D3-BF4B-00C04F79EFBC}") = "Base64", "Base64\Base64.csproj", "{2403DAB7-1CFA-480E-AA80-C3A84A3A6E0C}"
EndProject
Project("{FAE04EC0-301F-11D3-BF4B-00C04F79EFBC}") = "CLI-Helper", "CLI-Helper\CLI-Helper\CLI-Helper.csproj", "{D03E4108-822F-D8D4-6FD6-338025AB1D92}"
EndProject
Project("{FAE04EC0-301F-11D3-BF4B-00C04F79EFBC}") = "HexDump", "HexDump\HexDump.csproj", "{F2DA19BC-9CD4-4F76-BBB0-ED8C2B7F82F1}"
EndProject
Project("{FAE04EC0-301F-11D3-BF4B-00C04F79EFBC}") = "URLUtil", "URLUtil\URLUtil.csproj", "{7642D30D-6B87-449B-B4A5-31540B183775}"
EndProject
Project("{FAE04EC0-301F-11D3-BF4B-00C04F79EFBC}") = "CLIUtils", "CLIUtils\CLIUtils.csproj", "{80849C73-E100-4EF5-A639-B66BA4F82110}"
EndProject
Project("{FAE04EC0-301F-11D3-BF4B-00C04F79EFBC}") = "HashUtil", "HashUtil\HashUtil.csproj", "{D9DFA865-BF15-42C6-AFE4-4978293F64AF}"
EndProject
Global
	GlobalSection(SolutionConfigurationPlatforms) = preSolution
		Debug|Any CPU = Debug|Any CPU
		Release|Any CPU = Release|Any CPU
	EndGlobalSection
	GlobalSection(ProjectConfigurationPlatforms) = postSolution
		{2403DAB7-1CFA-480E-AA80-C3A84A3A6E0C}.Debug|Any CPU.ActiveCfg = Debug|Any CPU
		{2403DAB7-1CFA-480E-AA80-C3A84A3A6E0C}.Debug|Any CPU.Build.0 = Debug|Any CPU
		{2403DAB7-1CFA-480E-AA80-C3A84A3A6E0C}.Release|Any CPU.ActiveCfg = Release|Any CPU
		{2403DAB7-1CFA-480E-AA80-C3A84A3A6E0C}.Release|Any CPU.Build.0 = Release|Any CPU
		{D03E4108-822F-D8D4-6FD6-338025AB1D92}.Debug|Any CPU.ActiveCfg = Debug|Any CPU
		{D03E4108-822F-D8D4-6FD6-338025AB1D92}.Debug|Any CPU.Build.0 = Debug|Any CPU
		{D03E4108-822F-D8D4-6FD6-338025AB1D92}.Release|Any CPU.ActiveCfg = Release|Any CPU
		{D03E4108-822F-D8D4-6FD6-338025AB1D92}.Release|Any CPU.Build.0 = Release|Any CPU
		{F2DA19BC-9CD4-4F76-BBB0-ED8C2B7F82F1}.Debug|Any CPU.ActiveCfg = Debug|Any CPU
		{F2DA19BC-9CD4-4F76-BBB0-ED8C2B7F82F1}.Debug|Any CPU.Build.0 = Debug|Any CPU
		{F2DA19BC-9CD4-4F76-BBB0-ED8C2B7F82F1}.Release|Any CPU.ActiveCfg = Release|Any CPU
		{F2DA19BC-9CD4-4F76-BBB0-ED8C2B7F82F1}.Release|Any CPU.Build.0 = Release|Any CPU
		{7642D30D-6B87-449B-B4A5-31540B183775}.Debug|Any CPU.ActiveCfg = Debug|Any CPU
		{7642D30D-6B87-449B-B4A5-31540B183775}.Debug|Any CPU.Build.0 = Debug|Any CPU
		{7642D30D-6B87-449B-B4A5-31540B183775}.Release|Any CPU.ActiveCfg = Release|Any CPU
		{7642D30D-6B87-449B-B4A5-31540B183775}.Release|Any CPU.Build.0 = Release|Any CPU
		{80849C73-E100-4EF5-A639-B66BA4F82110}.Debug|Any CPU.ActiveCfg = Debug|Any CPU
		{80849C73-E100-4EF5-A639-B66BA4F82110}.Debug|Any CPU.Build.0 = Debug|Any CPU
		{80849C73-E100-4EF5-A639-B66BA4F82110}.Release|Any CPU.ActiveCfg = Release|Any CPU
		{80849C73-E100-4EF5-A639-B66BA4F82110}.Release|Any CPU.Build.0 = Release|Any CPU
		{D9DFA865-BF15-42C6-AFE4-4978293F64AF}.Debug|Any CPU.ActiveCfg = Debug|Any CPU
		{D9DFA865-BF15-42C6-AFE4-4978293F64AF}.Debug|Any CPU.Build.0 = Debug|Any CPU
		{D9DFA865-BF15-42C6-AFE4-4978293F64AF}.Release|Any CPU.ActiveCfg = Release|Any CPU
		{D9DFA865-BF15-42C6-AFE4-4978293F64AF}.Release|Any CPU.Build.0 = Release|Any CPU
	EndGlobalSection
	GlobalSection(SolutionProperties) = preSolution
		HideSolutionNode = FALSE
	EndGlobalSection
	GlobalSection(ExtensibilityGlobals) = postSolution
		SolutionGuid = {6D4DFBF1-D5E8-4761-A0F5-EA8E49214F4B}
	EndGlobalSection
EndGlobal
